
Microsoft Visual Studio Solution File, Format Version 12.00
# Visual Studio 14
VisualStudioVersion = 14.0.25420.1
MinimumVisualStudioVersion = 10.0.40219.1
Project("{D954291E-2A0B-460D-934E-DC6B0785DB48}") = "PersonalBuddy", "PersonalBuddy\PersonalBuddy\PersonalBuddy.shproj", "{CDEF4052-3BDF-444F-BAFF-08B2455FD8DA}"
EndProject
Project("{FAE04EC0-301F-11D3-BF4B-00C04F79EFBC}") = "PersonalBuddy.Droid", "PersonalBuddy\PersonalBuddy.Droid\PersonalBuddy.Droid.csproj", "{972CB06E-D371-4906-8D0E-7686A48DCD0B}"
EndProject
Project("{FAE04EC0-301F-11D3-BF4B-00C04F79EFBC}") = "PersonalBuddy.iOS", "PersonalBuddy\PersonalBuddy.iOS\PersonalBuddy.iOS.csproj", "{6E2DCADC-D1E1-4DD1-9F4E-525CC8E954FB}"
EndProject
Global
	GlobalSection(SharedMSBuildProjectFiles) = preSolution
		PersonalBuddy\PersonalBuddy\PersonalBuddy.projitems*{6e2dcadc-d1e1-4dd1-9f4e-525cc8e954fb}*SharedItemsImports = 4
		PersonalBuddy\PersonalBuddy\PersonalBuddy.projitems*{7cbd8699-0c06-4473-b16b-f986c180fd62}*SharedItemsImports = 4
		PersonalBuddy\PersonalBuddy\PersonalBuddy.projitems*{972cb06e-d371-4906-8d0e-7686a48dcd0b}*SharedItemsImports = 4
		PersonalBuddy\PersonalBuddy\PersonalBuddy.projitems*{cdef4052-3bdf-444f-baff-08b2455fd8da}*SharedItemsImports = 13
	EndGlobalSection
	GlobalSection(SolutionConfigurationPlatforms) = preSolution
		Ad-Hoc|Any CPU = Ad-Hoc|Any CPU
		Ad-Hoc|ARM = Ad-Hoc|ARM
		Ad-Hoc|iPhone = Ad-Hoc|iPhone
		Ad-Hoc|iPhoneSimulator = Ad-Hoc|iPhoneSimulator
		Ad-Hoc|x64 = Ad-Hoc|x64
		Ad-Hoc|x86 = Ad-Hoc|x86
		AppStore|Any CPU = AppStore|Any CPU
		AppStore|ARM = AppStore|ARM
		AppStore|iPhone = AppStore|iPhone
		AppStore|iPhoneSimulator = AppStore|iPhoneSimulator
		AppStore|x64 = AppStore|x64
		AppStore|x86 = AppStore|x86
		Debug|Any CPU = Debug|Any CPU
		Debug|ARM = Debug|ARM
		Debug|iPhone = Debug|iPhone
		Debug|iPhoneSimulator = Debug|iPhoneSimulator
		Debug|x64 = Debug|x64
		Debug|x86 = Debug|x86
		Release|Any CPU = Release|Any CPU
		Release|ARM = Release|ARM
		Release|iPhone = Release|iPhone
		Release|iPhoneSimulator = Release|iPhoneSimulator
		Release|x64 = Release|x64
		Release|x86 = Release|x86
	EndGlobalSection
	GlobalSection(ProjectConfigurationPlatforms) = postSolution
		{972CB06E-D371-4906-8D0E-7686A48DCD0B}.Ad-Hoc|Any CPU.ActiveCfg = Release|Any CPU
		{972CB06E-D371-4906-8D0E-7686A48DCD0B}.Ad-Hoc|Any CPU.Build.0 = Release|Any CPU
		{972CB06E-D371-4906-8D0E-7686A48DCD0B}.Ad-Hoc|Any CPU.Deploy.0 = Release|Any CPU
		{972CB06E-D371-4906-8D0E-7686A48DCD0B}.Ad-Hoc|ARM.ActiveCfg = Release|Any CPU
		{972CB06E-D371-4906-8D0E-7686A48DCD0B}.Ad-Hoc|ARM.Build.0 = Release|Any CPU
		{972CB06E-D371-4906-8D0E-7686A48DCD0B}.Ad-Hoc|ARM.Deploy.0 = Release|Any CPU
		{972CB06E-D371-4906-8D0E-7686A48DCD0B}.Ad-Hoc|iPhone.ActiveCfg = Release|Any CPU
		{972CB06E-D371-4906-8D0E-7686A48DCD0B}.Ad-Hoc|iPhone.Build.0 = Release|Any CPU
		{972CB06E-D371-4906-8D0E-7686A48DCD0B}.Ad-Hoc|iPhone.Deploy.0 = Release|Any CPU
		{972CB06E-D371-4906-8D0E-7686A48DCD0B}.Ad-Hoc|iPhoneSimulator.ActiveCfg = Release|Any CPU
		{972CB06E-D371-4906-8D0E-7686A48DCD0B}.Ad-Hoc|iPhoneSimulator.Build.0 = Release|Any CPU
		{972CB06E-D371-4906-8D0E-7686A48DCD0B}.Ad-Hoc|iPhoneSimulator.Deploy.0 = Release|Any CPU
		{972CB06E-D371-4906-8D0E-7686A48DCD0B}.Ad-Hoc|x64.ActiveCfg = Release|Any CPU
		{972CB06E-D371-4906-8D0E-7686A48DCD0B}.Ad-Hoc|x64.Build.0 = Release|Any CPU
		{972CB06E-D371-4906-8D0E-7686A48DCD0B}.Ad-Hoc|x64.Deploy.0 = Release|Any CPU
		{972CB06E-D371-4906-8D0E-7686A48DCD0B}.Ad-Hoc|x86.ActiveCfg = Release|Any CPU
		{972CB06E-D371-4906-8D0E-7686A48DCD0B}.Ad-Hoc|x86.Build.0 = Release|Any CPU
		{972CB06E-D371-4906-8D0E-7686A48DCD0B}.Ad-Hoc|x86.Deploy.0 = Release|Any CPU
		{972CB06E-D371-4906-8D0E-7686A48DCD0B}.AppStore|Any CPU.ActiveCfg = Release|Any CPU
		{972CB06E-D371-4906-8D0E-7686A48DCD0B}.AppStore|Any CPU.Build.0 = Release|Any CPU
		{972CB06E-D371-4906-8D0E-7686A48DCD0B}.AppStore|Any CPU.Deploy.0 = Release|Any CPU
		{972CB06E-D371-4906-8D0E-7686A48DCD0B}.AppStore|ARM.ActiveCfg = Release|Any CPU
		{972CB06E-D371-4906-8D0E-7686A48DCD0B}.AppStore|ARM.Build.0 = Release|Any CPU
		{972CB06E-D371-4906-8D0E-7686A48DCD0B}.AppStore|ARM.Deploy.0 = Release|Any CPU
		{972CB06E-D371-4906-8D0E-7686A48DCD0B}.AppStore|iPhone.ActiveCfg = Release|Any CPU
		{972CB06E-D371-4906-8D0E-7686A48DCD0B}.AppStore|iPhone.Build.0 = Release|Any CPU
		{972CB06E-D371-4906-8D0E-7686A48DCD0B}.AppStore|iPhone.Deploy.0 = Release|Any CPU
		{972CB06E-D371-4906-8D0E-7686A48DCD0B}.AppStore|iPhoneSimulator.ActiveCfg = Release|Any CPU
		{972CB06E-D371-4906-8D0E-7686A48DCD0B}.AppStore|iPhoneSimulator.Build.0 = Release|Any CPU
		{972CB06E-D371-4906-8D0E-7686A48DCD0B}.AppStore|iPhoneSimulator.Deploy.0 = Release|Any CPU
		{972CB06E-D371-4906-8D0E-7686A48DCD0B}.AppStore|x64.ActiveCfg = Release|Any CPU
		{972CB06E-D371-4906-8D0E-7686A48DCD0B}.AppStore|x64.Build.0 = Release|Any CPU
		{972CB06E-D371-4906-8D0E-7686A48DCD0B}.AppStore|x64.Deploy.0 = Release|Any CPU
		{972CB06E-D371-4906-8D0E-7686A48DCD0B}.AppStore|x86.ActiveCfg = Release|Any CPU
		{972CB06E-D371-4906-8D0E-7686A48DCD0B}.AppStore|x86.Build.0 = Release|Any CPU
		{972CB06E-D371-4906-8D0E-7686A48DCD0B}.AppStore|x86.Deploy.0 = Release|Any CPU
		{972CB06E-D371-4906-8D0E-7686A48DCD0B}.Debug|Any CPU.ActiveCfg = Debug|Any CPU
		{972CB06E-D371-4906-8D0E-7686A48DCD0B}.Debug|Any CPU.Build.0 = Debug|Any CPU
		{972CB06E-D371-4906-8D0E-7686A48DCD0B}.Debug|Any CPU.Deploy.0 = Debug|Any CPU
		{972CB06E-D371-4906-8D0E-7686A48DCD0B}.Debug|ARM.ActiveCfg = Debug|Any CPU
		{972CB06E-D371-4906-8D0E-7686A48DCD0B}.Debug|ARM.Build.0 = Debug|Any CPU
		{972CB06E-D371-4906-8D0E-7686A48DCD0B}.Debug|ARM.Deploy.0 = Debug|Any CPU
		{972CB06E-D371-4906-8D0E-7686A48DCD0B}.Debug|iPhone.ActiveCfg = Debug|Any CPU
		{972CB06E-D371-4906-8D0E-7686A48DCD0B}.Debug|iPhone.Build.0 = Debug|Any CPU
		{972CB06E-D371-4906-8D0E-7686A48DCD0B}.Debug|iPhone.Deploy.0 = Debug|Any CPU
		{972CB06E-D371-4906-8D0E-7686A48DCD0B}.Debug|iPhoneSimulator.ActiveCfg = Debug|Any CPU
		{972CB06E-D371-4906-8D0E-7686A48DCD0B}.Debug|iPhoneSimulator.Build.0 = Debug|Any CPU
		{972CB06E-D371-4906-8D0E-7686A48DCD0B}.Debug|iPhoneSimulator.Deploy.0 = Debug|Any CPU
		{972CB06E-D371-4906-8D0E-7686A48DCD0B}.Debug|x64.ActiveCfg = Debug|Any CPU
		{972CB06E-D371-4906-8D0E-7686A48DCD0B}.Debug|x64.Build.0 = Debug|Any CPU
		{972CB06E-D371-4906-8D0E-7686A48DCD0B}.Debug|x64.Deploy.0 = Debug|Any CPU
		{972CB06E-D371-4906-8D0E-7686A48DCD0B}.Debug|x86.ActiveCfg = Debug|Any CPU
		{972CB06E-D371-4906-8D0E-7686A48DCD0B}.Debug|x86.Build.0 = Debug|Any CPU
		{972CB06E-D371-4906-8D0E-7686A48DCD0B}.Debug|x86.Deploy.0 = Debug|Any CPU
		{972CB06E-D371-4906-8D0E-7686A48DCD0B}.Release|Any CPU.ActiveCfg = Release|Any CPU
		{972CB06E-D371-4906-8D0E-7686A48DCD0B}.Release|Any CPU.Build.0 = Release|Any CPU
		{972CB06E-D371-4906-8D0E-7686A48DCD0B}.Release|Any CPU.Deploy.0 = Release|Any CPU
		{972CB06E-D371-4906-8D0E-7686A48DCD0B}.Release|ARM.ActiveCfg = Release|Any CPU
		{972CB06E-D371-4906-8D0E-7686A48DCD0B}.Release|ARM.Build.0 = Release|Any CPU
		{972CB06E-D371-4906-8D0E-7686A48DCD0B}.Release|ARM.Deploy.0 = Release|Any CPU
		{972CB06E-D371-4906-8D0E-7686A48DCD0B}.Release|iPhone.ActiveCfg = Release|Any CPU
		{972CB06E-D371-4906-8D0E-7686A48DCD0B}.Release|iPhone.Build.0 = Release|Any CPU
		{972CB06E-D371-4906-8D0E-7686A48DCD0B}.Release|iPhone.Deploy.0 = Release|Any CPU
		{972CB06E-D371-4906-8D0E-7686A48DCD0B}.Release|iPhoneSimulator.ActiveCfg = Release|Any CPU
		{972CB06E-D371-4906-8D0E-7686A48DCD0B}.Release|iPhoneSimulator.Build.0 = Release|Any CPU
		{972CB06E-D371-4906-8D0E-7686A48DCD0B}.Release|iPhoneSimulator.Deploy.0 = Release|Any CPU
		{972CB06E-D371-4906-8D0E-7686A48DCD0B}.Release|x64.ActiveCfg = Release|Any CPU
		{972CB06E-D371-4906-8D0E-7686A48DCD0B}.Release|x64.Build.0 = Release|Any CPU
		{972CB06E-D371-4906-8D0E-7686A48DCD0B}.Release|x64.Deploy.0 = Release|Any CPU
		{972CB06E-D371-4906-8D0E-7686A48DCD0B}.Release|x86.ActiveCfg = Release|Any CPU
		{972CB06E-D371-4906-8D0E-7686A48DCD0B}.Release|x86.Build.0 = Release|Any CPU
		{972CB06E-D371-4906-8D0E-7686A48DCD0B}.Release|x86.Deploy.0 = Release|Any CPU
		{6E2DCADC-D1E1-4DD1-9F4E-525CC8E954FB}.Ad-Hoc|Any CPU.ActiveCfg = Ad-Hoc|iPhone
		{6E2DCADC-D1E1-4DD1-9F4E-525CC8E954FB}.Ad-Hoc|ARM.ActiveCfg = Ad-Hoc|iPhone
		{6E2DCADC-D1E1-4DD1-9F4E-525CC8E954FB}.Ad-Hoc|iPhone.ActiveCfg = Ad-Hoc|iPhone
		{6E2DCADC-D1E1-4DD1-9F4E-525CC8E954FB}.Ad-Hoc|iPhone.Build.0 = Ad-Hoc|iPhone
		{6E2DCADC-D1E1-4DD1-9F4E-525CC8E954FB}.Ad-Hoc|iPhoneSimulator.ActiveCfg = Ad-Hoc|iPhoneSimulator
		{6E2DCADC-D1E1-4DD1-9F4E-525CC8E954FB}.Ad-Hoc|iPhoneSimulator.Build.0 = Ad-Hoc|iPhoneSimulator
		{6E2DCADC-D1E1-4DD1-9F4E-525CC8E954FB}.Ad-Hoc|x64.ActiveCfg = Ad-Hoc|iPhone
		{6E2DCADC-D1E1-4DD1-9F4E-525CC8E954FB}.Ad-Hoc|x86.ActiveCfg = Ad-Hoc|iPhone
		{6E2DCADC-D1E1-4DD1-9F4E-525CC8E954FB}.AppStore|Any CPU.ActiveCfg = AppStore|iPhone
		{6E2DCADC-D1E1-4DD1-9F4E-525CC8E954FB}.AppStore|ARM.ActiveCfg = AppStore|iPhone
		{6E2DCADC-D1E1-4DD1-9F4E-525CC8E954FB}.AppStore|iPhone.ActiveCfg = AppStore|iPhone
		{6E2DCADC-D1E1-4DD1-9F4E-525CC8E954FB}.AppStore|iPhone.Build.0 = AppStore|iPhone
		{6E2DCADC-D1E1-4DD1-9F4E-525CC8E954FB}.AppStore|iPhoneSimulator.ActiveCfg = AppStore|iPhoneSimulator
		{6E2DCADC-D1E1-4DD1-9F4E-525CC8E954FB}.AppStore|iPhoneSimulator.Build.0 = AppStore|iPhoneSimulator
		{6E2DCADC-D1E1-4DD1-9F4E-525CC8E954FB}.AppStore|x64.ActiveCfg = AppStore|iPhone
		{6E2DCADC-D1E1-4DD1-9F4E-525CC8E954FB}.AppStore|x86.ActiveCfg = AppStore|iPhone
		{6E2DCADC-D1E1-4DD1-9F4E-525CC8E954FB}.Debug|Any CPU.ActiveCfg = Debug|iPhone
		{6E2DCADC-D1E1-4DD1-9F4E-525CC8E954FB}.Debug|ARM.ActiveCfg = Debug|iPhone
		{6E2DCADC-D1E1-4DD1-9F4E-525CC8E954FB}.Debug|iPhone.ActiveCfg = Debug|iPhone
		{6E2DCADC-D1E1-4DD1-9F4E-525CC8E954FB}.Debug|iPhone.Build.0 = Debug|iPhone
		{6E2DCADC-D1E1-4DD1-9F4E-525CC8E954FB}.Debug|iPhoneSimulator.ActiveCfg = Debug|iPhoneSimulator
		{6E2DCADC-D1E1-4DD1-9F4E-525CC8E954FB}.Debug|iPhoneSimulator.Build.0 = Debug|iPhoneSimulator
		{6E2DCADC-D1E1-4DD1-9F4E-525CC8E954FB}.Debug|x64.ActiveCfg = Debug|iPhone
		{6E2DCADC-D1E1-4DD1-9F4E-525CC8E954FB}.Debug|x86.ActiveCfg = Debug|iPhone
		{6E2DCADC-D1E1-4DD1-9F4E-525CC8E954FB}.Release|Any CPU.ActiveCfg = Release|iPhone
		{6E2DCADC-D1E1-4DD1-9F4E-525CC8E954FB}.Release|ARM.ActiveCfg = Release|iPhone
		{6E2DCADC-D1E1-4DD1-9F4E-525CC8E954FB}.Release|iPhone.ActiveCfg = Release|iPhone
		{6E2DCADC-D1E1-4DD1-9F4E-525CC8E954FB}.Release|iPhone.Build.0 = Release|iPhone
		{6E2DCADC-D1E1-4DD1-9F4E-525CC8E954FB}.Release|iPhoneSimulator.ActiveCfg = Release|iPhoneSimulator
		{6E2DCADC-D1E1-4DD1-9F4E-525CC8E954FB}.Release|iPhoneSimulator.Build.0 = Release|iPhoneSimulator
		{6E2DCADC-D1E1-4DD1-9F4E-525CC8E954FB}.Release|x64.ActiveCfg = Release|iPhone
		{6E2DCADC-D1E1-4DD1-9F4E-525CC8E954FB}.Release|x86.ActiveCfg = Release|iPhone
	EndGlobalSection
	GlobalSection(SolutionProperties) = preSolution
		HideSolutionNode = FALSE
	EndGlobalSection
EndGlobal
